
Microsoft Visual Studio Solution File, Format Version 12.00
# Visual Studio 15
VisualStudioVersion = 15.0.26124.0
MinimumVisualStudioVersion = 15.0.26124.0
Project("{FAE04EC0-301F-11D3-BF4B-00C04F79EFBC}") = "BookwormsAPI", "BookwormsAPI\BookwormsAPI.csproj", "{C607B88A-DD84-44CE-9873-3A687F064CC4}"
EndProject
Project("{FAE04EC0-301F-11D3-BF4B-00C04F79EFBC}") = "BookwormsUI", "BookwormsUI\BookwormsUI.csproj", "{96383392-AB1E-4478-914A-5A6ACD3C8B1B}"
EndProject
Project("{FAE04EC0-301F-11D3-BF4B-00C04F79EFBC}") = "BookwormsUI.Tests", "BookwormsUI.Tests\BookwormsUI.Tests.csproj", "{A004A675-0268-48A6-8399-80960FC39395}"
EndProject
Global
	GlobalSection(SolutionConfigurationPlatforms) = preSolution
		Debug|Any CPU = Debug|Any CPU
		Debug|x64 = Debug|x64
		Debug|x86 = Debug|x86
		Release|Any CPU = Release|Any CPU
		Release|x64 = Release|x64
		Release|x86 = Release|x86
	EndGlobalSection
	GlobalSection(SolutionProperties) = preSolution
		HideSolutionNode = FALSE
	EndGlobalSection
	GlobalSection(ProjectConfigurationPlatforms) = postSolution
		{C607B88A-DD84-44CE-9873-3A687F064CC4}.Debug|Any CPU.ActiveCfg = Debug|Any CPU
		{C607B88A-DD84-44CE-9873-3A687F064CC4}.Debug|Any CPU.Build.0 = Debug|Any CPU
		{C607B88A-DD84-44CE-9873-3A687F064CC4}.Debug|x64.ActiveCfg = Debug|Any CPU
		{C607B88A-DD84-44CE-9873-3A687F064CC4}.Debug|x64.Build.0 = Debug|Any CPU
		{C607B88A-DD84-44CE-9873-3A687F064CC4}.Debug|x86.ActiveCfg = Debug|Any CPU
		{C607B88A-DD84-44CE-9873-3A687F064CC4}.Debug|x86.Build.0 = Debug|Any CPU
		{C607B88A-DD84-44CE-9873-3A687F064CC4}.Release|Any CPU.ActiveCfg = Release|Any CPU
		{C607B88A-DD84-44CE-9873-3A687F064CC4}.Release|Any CPU.Build.0 = Release|Any CPU
		{C607B88A-DD84-44CE-9873-3A687F064CC4}.Release|x64.ActiveCfg = Release|Any CPU
		{C607B88A-DD84-44CE-9873-3A687F064CC4}.Release|x64.Build.0 = Release|Any CPU
		{C607B88A-DD84-44CE-9873-3A687F064CC4}.Release|x86.ActiveCfg = Release|Any CPU
		{C607B88A-DD84-44CE-9873-3A687F064CC4}.Release|x86.Build.0 = Release|Any CPU
		{96383392-AB1E-4478-914A-5A6ACD3C8B1B}.Debug|Any CPU.ActiveCfg = Debug|Any CPU
		{96383392-AB1E-4478-914A-5A6ACD3C8B1B}.Debug|Any CPU.Build.0 = Debug|Any CPU
		{96383392-AB1E-4478-914A-5A6ACD3C8B1B}.Debug|x64.ActiveCfg = Debug|Any CPU
		{96383392-AB1E-4478-914A-5A6ACD3C8B1B}.Debug|x64.Build.0 = Debug|Any CPU
		{96383392-AB1E-4478-914A-5A6ACD3C8B1B}.Debug|x86.ActiveCfg = Debug|Any CPU
		{96383392-AB1E-4478-914A-5A6ACD3C8B1B}.Debug|x86.Build.0 = Debug|Any CPU
		{96383392-AB1E-4478-914A-5A6ACD3C8B1B}.Release|Any CPU.ActiveCfg = Release|Any CPU
		{96383392-AB1E-4478-914A-5A6ACD3C8B1B}.Release|Any CPU.Build.0 = Release|Any CPU
		{96383392-AB1E-4478-914A-5A6ACD3C8B1B}.Release|x64.ActiveCfg = Release|Any CPU
		{96383392-AB1E-4478-914A-5A6ACD3C8B1B}.Release|x64.Build.0 = Release|Any CPU
		{96383392-AB1E-4478-914A-5A6ACD3C8B1B}.Release|x86.ActiveCfg = Release|Any CPU
		{96383392-AB1E-4478-914A-5A6ACD3C8B1B}.Release|x86.Build.0 = Release|Any CPU
		{A004A675-0268-48A6-8399-80960FC39395}.Debug|Any CPU.ActiveCfg = Debug|Any CPU
		{A004A675-0268-48A6-8399-80960FC39395}.Debug|Any CPU.Build.0 = Debug|Any CPU
		{A004A675-0268-48A6-8399-80960FC39395}.Debug|x64.ActiveCfg = Debug|Any CPU
		{A004A675-0268-48A6-8399-80960FC39395}.Debug|x64.Build.0 = Debug|Any CPU
		{A004A675-0268-48A6-8399-80960FC39395}.Debug|x86.ActiveCfg = Debug|Any CPU
		{A004A675-0268-48A6-8399-80960FC39395}.Debug|x86.Build.0 = Debug|Any CPU
		{A004A675-0268-48A6-8399-80960FC39395}.Release|Any CPU.ActiveCfg = Release|Any CPU
		{A004A675-0268-48A6-8399-80960FC39395}.Release|Any CPU.Build.0 = Release|Any CPU
		{A004A675-0268-48A6-8399-80960FC39395}.Release|x64.ActiveCfg = Release|Any CPU
		{A004A675-0268-48A6-8399-80960FC39395}.Release|x64.Build.0 = Release|Any CPU
		{A004A675-0268-48A6-8399-80960FC39395}.Release|x86.ActiveCfg = Release|Any CPU
		{A004A675-0268-48A6-8399-80960FC39395}.Release|x86.Build.0 = Release|Any CPU
	EndGlobalSection
EndGlobal
