
Microsoft Visual Studio Solution File, Format Version 12.00
# Visual Studio Version 17
VisualStudioVersion = 17.2.32630.192
MinimumVisualStudioVersion = 15.0.26124.0
Project("{9A19103F-16F7-4668-BE54-9A1E7A4F7556}") = "BookwormsAPI", "BookwormsAPI\BookwormsAPI.csproj", "{C607B88A-DD84-44CE-9873-3A687F064CC4}"
EndProject
Project("{9A19103F-16F7-4668-BE54-9A1E7A4F7556}") = "BookwormsUI", "BookwormsUI\BookwormsUI.csproj", "{96383392-AB1E-4478-914A-5A6ACD3C8B1B}"
EndProject
Project("{9A19103F-16F7-4668-BE54-9A1E7A4F7556}") = "BookwormsAPI.Tests", "BookwormsAPI.Tests\BookwormsAPI.Tests.csproj", "{41AEADD2-6581-41B9-9095-57B623E6CE77}"
EndProject
Project("{9A19103F-16F7-4668-BE54-9A1E7A4F7556}") = "BookwormsUI.Tests", "BookwormsUI.Tests\BookwormsUI.Tests.csproj", "{540D444E-DD51-449D-ADE7-3668E0F8CC2C}"
EndProject
Global
	GlobalSection(SolutionConfigurationPlatforms) = preSolution
		Debug|Any CPU = Debug|Any CPU
		Debug|x64 = Debug|x64
		Debug|x86 = Debug|x86
		Release|Any CPU = Release|Any CPU
		Release|x64 = Release|x64
		Release|x86 = Release|x86
	EndGlobalSection
	GlobalSection(ProjectConfigurationPlatforms) = postSolution
		{C607B88A-DD84-44CE-9873-3A687F064CC4}.Debug|Any CPU.ActiveCfg = Debug|Any CPU
		{C607B88A-DD84-44CE-9873-3A687F064CC4}.Debug|Any CPU.Build.0 = Debug|Any CPU
		{C607B88A-DD84-44CE-9873-3A687F064CC4}.Debug|x64.ActiveCfg = Debug|Any CPU
		{C607B88A-DD84-44CE-9873-3A687F064CC4}.Debug|x64.Build.0 = Debug|Any CPU
		{C607B88A-DD84-44CE-9873-3A687F064CC4}.Debug|x86.ActiveCfg = Debug|Any CPU
		{C607B88A-DD84-44CE-9873-3A687F064CC4}.Debug|x86.Build.0 = Debug|Any CPU
		{C607B88A-DD84-44CE-9873-3A687F064CC4}.Release|Any CPU.ActiveCfg = Release|Any CPU
		{C607B88A-DD84-44CE-9873-3A687F064CC4}.Release|Any CPU.Build.0 = Release|Any CPU
		{C607B88A-DD84-44CE-9873-3A687F064CC4}.Release|x64.ActiveCfg = Release|Any CPU
		{C607B88A-DD84-44CE-9873-3A687F064CC4}.Release|x64.Build.0 = Release|Any CPU
		{C607B88A-DD84-44CE-9873-3A687F064CC4}.Release|x86.ActiveCfg = Release|Any CPU
		{C607B88A-DD84-44CE-9873-3A687F064CC4}.Release|x86.Build.0 = Release|Any CPU
		{96383392-AB1E-4478-914A-5A6ACD3C8B1B}.Debug|Any CPU.ActiveCfg = Debug|Any CPU
		{96383392-AB1E-4478-914A-5A6ACD3C8B1B}.Debug|Any CPU.Build.0 = Debug|Any CPU
		{96383392-AB1E-4478-914A-5A6ACD3C8B1B}.Debug|x64.ActiveCfg = Debug|Any CPU
		{96383392-AB1E-4478-914A-5A6ACD3C8B1B}.Debug|x64.Build.0 = Debug|Any CPU
		{96383392-AB1E-4478-914A-5A6ACD3C8B1B}.Debug|x86.ActiveCfg = Debug|Any CPU
		{96383392-AB1E-4478-914A-5A6ACD3C8B1B}.Debug|x86.Build.0 = Debug|Any CPU
		{96383392-AB1E-4478-914A-5A6ACD3C8B1B}.Release|Any CPU.ActiveCfg = Release|Any CPU
		{96383392-AB1E-4478-914A-5A6ACD3C8B1B}.Release|Any CPU.Build.0 = Release|Any CPU
		{96383392-AB1E-4478-914A-5A6ACD3C8B1B}.Release|x64.ActiveCfg = Release|Any CPU
		{96383392-AB1E-4478-914A-5A6ACD3C8B1B}.Release|x64.Build.0 = Release|Any CPU
		{96383392-AB1E-4478-914A-5A6ACD3C8B1B}.Release|x86.ActiveCfg = Release|Any CPU
		{96383392-AB1E-4478-914A-5A6ACD3C8B1B}.Release|x86.Build.0 = Release|Any CPU
		{41AEADD2-6581-41B9-9095-57B623E6CE77}.Debug|Any CPU.ActiveCfg = Debug|Any CPU
		{41AEADD2-6581-41B9-9095-57B623E6CE77}.Debug|Any CPU.Build.0 = Debug|Any CPU
		{41AEADD2-6581-41B9-9095-57B623E6CE77}.Debug|x64.ActiveCfg = Debug|Any CPU
		{41AEADD2-6581-41B9-9095-57B623E6CE77}.Debug|x64.Build.0 = Debug|Any CPU
		{41AEADD2-6581-41B9-9095-57B623E6CE77}.Debug|x86.ActiveCfg = Debug|Any CPU
		{41AEADD2-6581-41B9-9095-57B623E6CE77}.Debug|x86.Build.0 = Debug|Any CPU
		{41AEADD2-6581-41B9-9095-57B623E6CE77}.Release|Any CPU.ActiveCfg = Release|Any CPU
		{41AEADD2-6581-41B9-9095-57B623E6CE77}.Release|Any CPU.Build.0 = Release|Any CPU
		{41AEADD2-6581-41B9-9095-57B623E6CE77}.Release|x64.ActiveCfg = Release|Any CPU
		{41AEADD2-6581-41B9-9095-57B623E6CE77}.Release|x64.Build.0 = Release|Any CPU
		{41AEADD2-6581-41B9-9095-57B623E6CE77}.Release|x86.ActiveCfg = Release|Any CPU
		{41AEADD2-6581-41B9-9095-57B623E6CE77}.Release|x86.Build.0 = Release|Any CPU
		{540D444E-DD51-449D-ADE7-3668E0F8CC2C}.Debug|Any CPU.ActiveCfg = Debug|Any CPU
		{540D444E-DD51-449D-ADE7-3668E0F8CC2C}.Debug|Any CPU.Build.0 = Debug|Any CPU
		{540D444E-DD51-449D-ADE7-3668E0F8CC2C}.Debug|x64.ActiveCfg = Debug|Any CPU
		{540D444E-DD51-449D-ADE7-3668E0F8CC2C}.Debug|x64.Build.0 = Debug|Any CPU
		{540D444E-DD51-449D-ADE7-3668E0F8CC2C}.Debug|x86.ActiveCfg = Debug|Any CPU
		{540D444E-DD51-449D-ADE7-3668E0F8CC2C}.Debug|x86.Build.0 = Debug|Any CPU
		{540D444E-DD51-449D-ADE7-3668E0F8CC2C}.Release|Any CPU.ActiveCfg = Release|Any CPU
		{540D444E-DD51-449D-ADE7-3668E0F8CC2C}.Release|Any CPU.Build.0 = Release|Any CPU
		{540D444E-DD51-449D-ADE7-3668E0F8CC2C}.Release|x64.ActiveCfg = Release|Any CPU
		{540D444E-DD51-449D-ADE7-3668E0F8CC2C}.Release|x64.Build.0 = Release|Any CPU
		{540D444E-DD51-449D-ADE7-3668E0F8CC2C}.Release|x86.ActiveCfg = Release|Any CPU
		{540D444E-DD51-449D-ADE7-3668E0F8CC2C}.Release|x86.Build.0 = Release|Any CPU
	EndGlobalSection
	GlobalSection(SolutionProperties) = preSolution
		HideSolutionNode = FALSE
	EndGlobalSection
	GlobalSection(ExtensibilityGlobals) = postSolution
		SolutionGuid = {1EFC9285-CB77-4699-AC94-BF86F99703AD}
	EndGlobalSection
EndGlobal
